
Microsoft Visual Studio Solution File, Format Version 12.00
# Visual Studio Version 17
VisualStudioVersion = 17.14.36310.24
MinimumVisualStudioVersion = 10.0.40219.1
Project("{8BC9CEB8-8B4A-11D0-8D11-00A0C91BC942}") = "Engine", "Engine\Engine.vcxproj", "{76F9AF40-9497-48D3-AFE4-3D9DE0C4CFAD}"
EndProject
Project("{8BC9CEB8-8B4A-11D0-8D11-00A0C91BC942}") = "Game", "Game\Game.vcxproj", "{B99B2D87-D332-45AB-829C-91769CBAD224}"
	ProjectSection(ProjectDependencies) = postProject
		{76F9AF40-9497-48D3-AFE4-3D9DE0C4CFAD} = {76F9AF40-9497-48D3-AFE4-3D9DE0C4CFAD}
	EndProjectSection
EndProject
Global
	GlobalSection(SolutionConfigurationPlatforms) = preSolution
		Debug|x64 = Debug|x64
		Debug|x86 = Debug|x86
		Release|x64 = Release|x64
		Release|x86 = Release|x86
	EndGlobalSection
	GlobalSection(ProjectConfigurationPlatforms) = postSolution
		{76F9AF40-9497-48D3-AFE4-3D9DE0C4CFAD}.Debug|x64.ActiveCfg = Debug|x64
		{76F9AF40-9497-48D3-AFE4-3D9DE0C4CFAD}.Debug|x64.Build.0 = Debug|x64
		{76F9AF40-9497-48D3-AFE4-3D9DE0C4CFAD}.Debug|x86.ActiveCfg = Debug|Win32
		{76F9AF40-9497-48D3-AFE4-3D9DE0C4CFAD}.Debug|x86.Build.0 = Debug|Win32
		{76F9AF40-9497-48D3-AFE4-3D9DE0C4CFAD}.Release|x64.ActiveCfg = Release|x64
		{76F9AF40-9497-48D3-AFE4-3D9DE0C4CFAD}.Release|x64.Build.0 = Release|x64
		{76F9AF40-9497-48D3-AFE4-3D9DE0C4CFAD}.Release|x86.ActiveCfg = Release|Win32
		{76F9AF40-9497-48D3-AFE4-3D9DE0C4CFAD}.Release|x86.Build.0 = Release|Win32
		{B99B2D87-D332-45AB-829C-91769CBAD224}.Debug|x64.ActiveCfg = Debug|x64
		{B99B2D87-D332-45AB-829C-91769CBAD224}.Debug|x64.Build.0 = Debug|x64
		{B99B2D87-D332-45AB-829C-91769CBAD224}.Debug|x86.ActiveCfg = Debug|Win32
		{B99B2D87-D332-45AB-829C-91769CBAD224}.Debug|x86.Build.0 = Debug|Win32
		{B99B2D87-D332-45AB-829C-91769CBAD224}.Release|x64.ActiveCfg = Release|x64
		{B99B2D87-D332-45AB-829C-91769CBAD224}.Release|x64.Build.0 = Release|x64
		{B99B2D87-D332-45AB-829C-91769CBAD224}.Release|x86.ActiveCfg = Release|Win32
		{B99B2D87-D332-45AB-829C-91769CBAD224}.Release|x86.Build.0 = Release|Win32
	EndGlobalSection
	GlobalSection(SolutionProperties) = preSolution
		HideSolutionNode = FALSE
	EndGlobalSection
	GlobalSection(ExtensibilityGlobals) = postSolution
		SolutionGuid = {DB19FC8D-012B-467E-BADF-4ECC0B52EA4E}
	EndGlobalSection
EndGlobal
